// !$*UTF8*$!
{
	archiveVersion = 1;
	classes = {
	};
	objectVersion = 48;
	objects = {

/* Begin PBXBuildFile section */
		D1F4C99B205D386C00ADE758 /* AppDelegate.swift in Sources */ = {isa = PBXBuildFile; fileRef = D1F4C99A205D386C00ADE758 /* AppDelegate.swift */; };
		D1F4C99D205D386C00ADE758 /* ViewController.swift in Sources */ = {isa = PBXBuildFile; fileRef = D1F4C99C205D386C00ADE758 /* ViewController.swift */; };
		D1F4C9A0205D386D00ADE758 /* Main.storyboard in Resources */ = {isa = PBXBuildFile; fileRef = D1F4C99E205D386D00ADE758 /* Main.storyboard */; };
		D1F4C9A2205D386D00ADE758 /* Assets.xcassets in Resources */ = {isa = PBXBuildFile; fileRef = D1F4C9A1205D386D00ADE758 /* Assets.xcassets */; };
		D1F4C9A5205D386D00ADE758 /* LaunchScreen.storyboard in Resources */ = {isa = PBXBuildFile; fileRef = D1F4C9A3205D386D00ADE758 /* LaunchScreen.storyboard */; };
		D1F4C9B0205D386D00ADE758 /* CalculatoorTests.swift in Sources */ = {isa = PBXBuildFile; fileRef = D1F4C9AF205D386D00ADE758 /* CalculatoorTests.swift */; };
		D1F4C9BB205D386D00ADE758 /* CalculatoorUITests.swift in Sources */ = {isa = PBXBuildFile; fileRef = D1F4C9BA205D386D00ADE758 /* CalculatoorUITests.swift */; };
/* End PBXBuildFile section */

/* Begin PBXContainerItemProxy section */
		D1F4C9AC205D386D00ADE758 /* PBXContainerItemProxy */ = {
			isa = PBXContainerItemProxy;
			containerPortal = D1F4C98F205D386C00ADE758 /* Project object */;
			proxyType = 1;
			remoteGlobalIDString = D1F4C996205D386C00ADE758;
			remoteInfo = Calculatoor;
		};
		D1F4C9B7205D386D00ADE758 /* PBXContainerItemProxy */ = {
			isa = PBXContainerItemProxy;
			containerPortal = D1F4C98F205D386C00ADE758 /* Project object */;
			proxyType = 1;
			remoteGlobalIDString = D1F4C996205D386C00ADE758;
			remoteInfo = Calculatoor;
		};
/* End PBXContainerItemProxy section */

/* Begin PBXFileReference section */
		D1F4C997205D386C00ADE758 /* Calculatoor.app */ = {isa = PBXFileReference; explicitFileType = wrapper.application; includeInIndex = 0; path = Calculatoor.app; sourceTree = BUILT_PRODUCTS_DIR; };
		D1F4C99A205D386C00ADE758 /* AppDelegate.swift */ = {isa = PBXFileReference; lastKnownFileType = sourcecode.swift; path = AppDelegate.swift; sourceTree = "<group>"; };
		D1F4C99C205D386C00ADE758 /* ViewController.swift */ = {isa = PBXFileReference; lastKnownFileType = sourcecode.swift; path = ViewController.swift; sourceTree = "<group>"; };
		D1F4C99F205D386D00ADE758 /* Base */ = {isa = PBXFileReference; lastKnownFileType = file.storyboard; name = Base; path = Base.lproj/Main.storyboard; sourceTree = "<group>"; };
		D1F4C9A1205D386D00ADE758 /* Assets.xcassets */ = {isa = PBXFileReference; lastKnownFileType = folder.assetcatalog; path = Assets.xcassets; sourceTree = "<group>"; };
		D1F4C9A4205D386D00ADE758 /* Base */ = {isa = PBXFileReference; lastKnownFileType = file.storyboard; name = Base; path = Base.lproj/LaunchScreen.storyboard; sourceTree = "<group>"; };
		D1F4C9A6205D386D00ADE758 /* Info.plist */ = {isa = PBXFileReference; lastKnownFileType = text.plist.xml; path = Info.plist; sourceTree = "<group>"; };
		D1F4C9AB205D386D00ADE758 /* CalculatoorTests.xctest */ = {isa = PBXFileReference; explicitFileType = wrapper.cfbundle; includeInIndex = 0; path = CalculatoorTests.xctest; sourceTree = BUILT_PRODUCTS_DIR; };
		D1F4C9AF205D386D00ADE758 /* CalculatoorTests.swift */ = {isa = PBXFileReference; lastKnownFileType = sourcecode.swift; path = CalculatoorTests.swift; sourceTree = "<group>"; };
		D1F4C9B1205D386D00ADE758 /* Info.plist */ = {isa = PBXFileReference; lastKnownFileType = text.plist.xml; path = Info.plist; sourceTree = "<group>"; };
		D1F4C9B6205D386D00ADE758 /* CalculatoorUITests.xctest */ = {isa = PBXFileReference; explicitFileType = wrapper.cfbundle; includeInIndex = 0; path = CalculatoorUITests.xctest; sourceTree = BUILT_PRODUCTS_DIR; };
		D1F4C9BA205D386D00ADE758 /* CalculatoorUITests.swift */ = {isa = PBXFileReference; lastKnownFileType = sourcecode.swift; path = CalculatoorUITests.swift; sourceTree = "<group>"; };
		D1F4C9BC205D386D00ADE758 /* Info.plist */ = {isa = PBXFileReference; lastKnownFileType = text.plist.xml; path = Info.plist; sourceTree = "<group>"; };
/* End PBXFileReference section */

/* Begin PBXFrameworksBuildPhase section */
		D1F4C994205D386C00ADE758 /* Frameworks */ = {
			isa = PBXFrameworksBuildPhase;
			buildActionMask = 2147483647;
			files = (
			);
			runOnlyForDeploymentPostprocessing = 0;
		};
		D1F4C9A8205D386D00ADE758 /* Frameworks */ = {
			isa = PBXFrameworksBuildPhase;
			buildActionMask = 2147483647;
			files = (
			);
			runOnlyForDeploymentPostprocessing = 0;
		};
		D1F4C9B3205D386D00ADE758 /* Frameworks */ = {
			isa = PBXFrameworksBuildPhase;
			buildActionMask = 2147483647;
			files = (
			);
			runOnlyForDeploymentPostprocessing = 0;
		};
/* End PBXFrameworksBuildPhase section */

/* Begin PBXGroup section */
		D1F4C98E205D386C00ADE758 = {
			isa = PBXGroup;
			children = (
				D1F4C999205D386C00ADE758 /* Calculatoor */,
				D1F4C9AE205D386D00ADE758 /* CalculatoorTests */,
				D1F4C9B9205D386D00ADE758 /* CalculatoorUITests */,
				D1F4C998205D386C00ADE758 /* Products */,
			);
			sourceTree = "<group>";
		};
		D1F4C998205D386C00ADE758 /* Products */ = {
			isa = PBXGroup;
			children = (
				D1F4C997205D386C00ADE758 /* Calculatoor.app */,
				D1F4C9AB205D386D00ADE758 /* CalculatoorTests.xctest */,
				D1F4C9B6205D386D00ADE758 /* CalculatoorUITests.xctest */,
			);
			name = Products;
			sourceTree = "<group>";
		};
		D1F4C999205D386C00ADE758 /* Calculatoor */ = {
			isa = PBXGroup;
			children = (
				D1F4C99A205D386C00ADE758 /* AppDelegate.swift */,
				D1F4C99C205D386C00ADE758 /* ViewController.swift */,
				D1F4C99E205D386D00ADE758 /* Main.storyboard */,
				D1F4C9A1205D386D00ADE758 /* Assets.xcassets */,
				D1F4C9A3205D386D00ADE758 /* LaunchScreen.storyboard */,
				D1F4C9A6205D386D00ADE758 /* Info.plist */,
			);
			path = Calculatoor;
			sourceTree = "<group>";
		};
		D1F4C9AE205D386D00ADE758 /* CalculatoorTests */ = {
			isa = PBXGroup;
			children = (
				D1F4C9AF205D386D00ADE758 /* CalculatoorTests.swift */,
				D1F4C9B1205D386D00ADE758 /* Info.plist */,
			);
			path = CalculatoorTests;
			sourceTree = "<group>";
		};
		D1F4C9B9205D386D00ADE758 /* CalculatoorUITests */ = {
			isa = PBXGroup;
			children = (
				D1F4C9BA205D386D00ADE758 /* CalculatoorUITests.swift */,
				D1F4C9BC205D386D00ADE758 /* Info.plist */,
			);
			path = CalculatoorUITests;
			sourceTree = "<group>";
		};
/* End PBXGroup section */

/* Begin PBXNativeTarget section */
		D1F4C996205D386C00ADE758 /* Calculatoor */ = {
			isa = PBXNativeTarget;
			buildConfigurationList = D1F4C9BF205D386D00ADE758 /* Build configuration list for PBXNativeTarget "Calculatoor" */;
			buildPhases = (
				D1F4C993205D386C00ADE758 /* Sources */,
				D1F4C994205D386C00ADE758 /* Frameworks */,
				D1F4C995205D386C00ADE758 /* Resources */,
			);
			buildRules = (
			);
			dependencies = (
			);
			name = Calculatoor;
			productName = Calculatoor;
			productReference = D1F4C997205D386C00ADE758 /* Calculatoor.app */;
			productType = "com.apple.product-type.application";
		};
		D1F4C9AA205D386D00ADE758 /* CalculatoorTests */ = {
			isa = PBXNativeTarget;
			buildConfigurationList = D1F4C9C2205D386D00ADE758 /* Build configuration list for PBXNativeTarget "CalculatoorTests" */;
			buildPhases = (
				D1F4C9A7205D386D00ADE758 /* Sources */,
				D1F4C9A8205D386D00ADE758 /* Frameworks */,
				D1F4C9A9205D386D00ADE758 /* Resources */,
			);
			buildRules = (
			);
			dependencies = (
				D1F4C9AD205D386D00ADE758 /* PBXTargetDependency */,
			);
			name = CalculatoorTests;
			productName = CalculatoorTests;
			productReference = D1F4C9AB205D386D00ADE758 /* CalculatoorTests.xctest */;
			productType = "com.apple.product-type.bundle.unit-test";
		};
		D1F4C9B5205D386D00ADE758 /* CalculatoorUITests */ = {
			isa = PBXNativeTarget;
			buildConfigurationList = D1F4C9C5205D386D00ADE758 /* Build configuration list for PBXNativeTarget "CalculatoorUITests" */;
			buildPhases = (
				D1F4C9B2205D386D00ADE758 /* Sources */,
				D1F4C9B3205D386D00ADE758 /* Frameworks */,
				D1F4C9B4205D386D00ADE758 /* Resources */,
			);
			buildRules = (
			);
			dependencies = (
				D1F4C9B8205D386D00ADE758 /* PBXTargetDependency */,
			);
			name = CalculatoorUITests;
			productName = CalculatoorUITests;
			productReference = D1F4C9B6205D386D00ADE758 /* CalculatoorUITests.xctest */;
			productType = "com.apple.product-type.bundle.ui-testing";
		};
/* End PBXNativeTarget section */

/* Begin PBXProject section */
		D1F4C98F205D386C00ADE758 /* Project object */ = {
			isa = PBXProject;
			attributes = {
				LastSwiftUpdateCheck = 0920;
				LastUpgradeCheck = 0920;
				ORGANIZATIONNAME = "Justine Probst";
				TargetAttributes = {
					D1F4C996205D386C00ADE758 = {
						CreatedOnToolsVersion = 9.2;
						ProvisioningStyle = Automatic;
					};
					D1F4C9AA205D386D00ADE758 = {
						CreatedOnToolsVersion = 9.2;
						ProvisioningStyle = Automatic;
						TestTargetID = D1F4C996205D386C00ADE758;
					};
					D1F4C9B5205D386D00ADE758 = {
						CreatedOnToolsVersion = 9.2;
						ProvisioningStyle = Automatic;
						TestTargetID = D1F4C996205D386C00ADE758;
					};
				};
			};
			buildConfigurationList = D1F4C992205D386C00ADE758 /* Build configuration list for PBXProject "Calculatoor" */;
			compatibilityVersion = "Xcode 8.0";
			developmentRegion = en;
			hasScannedForEncodings = 0;
			knownRegions = (
				en,
				Base,
			);
			mainGroup = D1F4C98E205D386C00ADE758;
			productRefGroup = D1F4C998205D386C00ADE758 /* Products */;
			projectDirPath = "";
			projectRoot = "";
			targets = (
				D1F4C996205D386C00ADE758 /* Calculatoor */,
				D1F4C9AA205D386D00ADE758 /* CalculatoorTests */,
				D1F4C9B5205D386D00ADE758 /* CalculatoorUITests */,
			);
		};
/* End PBXProject section */

/* Begin PBXResourcesBuildPhase section */
		D1F4C995205D386C00ADE758 /* Resources */ = {
			isa = PBXResourcesBuildPhase;
			buildActionMask = 2147483647;
			files = (
				D1F4C9A5205D386D00ADE758 /* LaunchScreen.storyboard in Resources */,
				D1F4C9A2205D386D00ADE758 /* Assets.xcassets in Resources */,
				D1F4C9A0205D386D00ADE758 /* Main.storyboard in Resources */,
			);
			runOnlyForDeploymentPostprocessing = 0;
		};
		D1F4C9A9205D386D00ADE758 /* Resources */ = {
			isa = PBXResourcesBuildPhase;
			buildActionMask = 2147483647;
			files = (
			);
			runOnlyForDeploymentPostprocessing = 0;
		};
		D1F4C9B4205D386D00ADE758 /* Resources */ = {
			isa = PBXResourcesBuildPhase;
			buildActionMask = 2147483647;
			files = (
			);
			runOnlyForDeploymentPostprocessing = 0;
		};
/* End PBXResourcesBuildPhase section */

/* Begin PBXSourcesBuildPhase section */
		D1F4C993205D386C00ADE758 /* Sources */ = {
			isa = PBXSourcesBuildPhase;
			buildActionMask = 2147483647;
			files = (
				D1F4C99D205D386C00ADE758 /* ViewController.swift in Sources */,
				D1F4C99B205D386C00ADE758 /* AppDelegate.swift in Sources */,
			);
			runOnlyForDeploymentPostprocessing = 0;
		};
		D1F4C9A7205D386D00ADE758 /* Sources */ = {
			isa = PBXSourcesBuildPhase;
			buildActionMask = 2147483647;
			files = (
				D1F4C9B0205D386D00ADE758 /* CalculatoorTests.swift in Sources */,
			);
			runOnlyForDeploymentPostprocessing = 0;
		};
		D1F4C9B2205D386D00ADE758 /* Sources */ = {
			isa = PBXSourcesBuildPhase;
			buildActionMask = 2147483647;
			files = (
				D1F4C9BB205D386D00ADE758 /* CalculatoorUITests.swift in Sources */,
			);
			runOnlyForDeploymentPostprocessing = 0;
		};
/* End PBXSourcesBuildPhase section */

/* Begin PBXTargetDependency section */
		D1F4C9AD205D386D00ADE758 /* PBXTargetDependency */ = {
			isa = PBXTargetDependency;
			target = D1F4C996205D386C00ADE758 /* Calculatoor */;
			targetProxy = D1F4C9AC205D386D00ADE758 /* PBXContainerItemProxy */;
		};
		D1F4C9B8205D386D00ADE758 /* PBXTargetDependency */ = {
			isa = PBXTargetDependency;
			target = D1F4C996205D386C00ADE758 /* Calculatoor */;
			targetProxy = D1F4C9B7205D386D00ADE758 /* PBXContainerItemProxy */;
		};
/* End PBXTargetDependency section */

/* Begin PBXVariantGroup section */
		D1F4C99E205D386D00ADE758 /* Main.storyboard */ = {
			isa = PBXVariantGroup;
			children = (
				D1F4C99F205D386D00ADE758 /* Base */,
			);
			name = Main.storyboard;
			sourceTree = "<group>";
		};
		D1F4C9A3205D386D00ADE758 /* LaunchScreen.storyboard */ = {
			isa = PBXVariantGroup;
			children = (
				D1F4C9A4205D386D00ADE758 /* Base */,
			);
			name = LaunchScreen.storyboard;
			sourceTree = "<group>";
		};
/* End PBXVariantGroup section */

/* Begin XCBuildConfiguration section */
		D1F4C9BD205D386D00ADE758 /* Debug */ = {
			isa = XCBuildConfiguration;
			buildSettings = {
				ALWAYS_SEARCH_USER_PATHS = NO;
				CLANG_ANALYZER_NONNULL = YES;
				CLANG_ANALYZER_NUMBER_OBJECT_CONVERSION = YES_AGGRESSIVE;
				CLANG_CXX_LANGUAGE_STANDARD = "gnu++14";
				CLANG_CXX_LIBRARY = "libc++";
				CLANG_ENABLE_MODULES = YES;
				CLANG_ENABLE_OBJC_ARC = YES;
				CLANG_WARN_BLOCK_CAPTURE_AUTORELEASING = YES;
				CLANG_WARN_BOOL_CONVERSION = YES;
				CLANG_WARN_COMMA = YES;
				CLANG_WARN_CONSTANT_CONVERSION = YES;
				CLANG_WARN_DIRECT_OBJC_ISA_USAGE = YES_ERROR;
				CLANG_WARN_DOCUMENTATION_COMMENTS = YES;
				CLANG_WARN_EMPTY_BODY = YES;
				CLANG_WARN_ENUM_CONVERSION = YES;
				CLANG_WARN_INFINITE_RECURSION = YES;
				CLANG_WARN_INT_CONVERSION = YES;
				CLANG_WARN_NON_LITERAL_NULL_CONVERSION = YES;
				CLANG_WARN_OBJC_LITERAL_CONVERSION = YES;
				CLANG_WARN_OBJC_ROOT_CLASS = YES_ERROR;
				CLANG_WARN_RANGE_LOOP_ANALYSIS = YES;
				CLANG_WARN_STRICT_PROTOTYPES = YES;
				CLANG_WARN_SUSPICIOUS_MOVE = YES;
				CLANG_WARN_UNGUARDED_AVAILABILITY = YES_AGGRESSIVE;
				CLANG_WARN_UNREACHABLE_CODE = YES;
				CLANG_WARN__DUPLICATE_METHOD_MATCH = YES;
				CODE_SIGN_IDENTITY = "iPhone Developer";
				COPY_PHASE_STRIP = NO;
				DEBUG_INFORMATION_FORMAT = dwarf;
				ENABLE_STRICT_OBJC_MSGSEND = YES;
				ENABLE_TESTABILITY = YES;
				GCC_C_LANGUAGE_STANDARD = gnu11;
				GCC_DYNAMIC_NO_PIC = NO;
				GCC_NO_COMMON_BLOCKS = YES;
				GCC_OPTIMIZATION_LEVEL = 0;
				GCC_PREPROCESSOR_DEFINITIONS = (
					"DEBUG=1",
					"$(inherited)",
				);
				GCC_WARN_64_TO_32_BIT_CONVERSION = YES;
				GCC_WARN_ABOUT_RETURN_TYPE = YES_ERROR;
				GCC_WARN_UNDECLARED_SELECTOR = YES;
				GCC_WARN_UNINITIALIZED_AUTOS = YES_AGGRESSIVE;
				GCC_WARN_UNUSED_FUNCTION = YES;
				GCC_WARN_UNUSED_VARIABLE = YES;
				IPHONEOS_DEPLOYMENT_TARGET = 11.2;
				MTL_ENABLE_DEBUG_INFO = YES;
				ONLY_ACTIVE_ARCH = YES;
				SDKROOT = iphoneos;
				SWIFT_ACTIVE_COMPILATION_CONDITIONS = DEBUG;
				SWIFT_OPTIMIZATION_LEVEL = "-Onone";
			};
			name = Debug;
		};
		D1F4C9BE205D386D00ADE758 /* Release */ = {
			isa = XCBuildConfiguration;
			buildSettings = {
				ALWAYS_SEARCH_USER_PATHS = NO;
				CLANG_ANALYZER_NONNULL = YES;
				CLANG_ANALYZER_NUMBER_OBJECT_CONVERSION = YES_AGGRESSIVE;
				CLANG_CXX_LANGUAGE_STANDARD = "gnu++14";
				CLANG_CXX_LIBRARY = "libc++";
				CLANG_ENABLE_MODULES = YES;
				CLANG_ENABLE_OBJC_ARC = YES;
				CLANG_WARN_BLOCK_CAPTURE_AUTORELEASING = YES;
				CLANG_WARN_BOOL_CONVERSION = YES;
				CLANG_WARN_COMMA = YES;
				CLANG_WARN_CONSTANT_CONVERSION = YES;
				CLANG_WARN_DIRECT_OBJC_ISA_USAGE = YES_ERROR;
				CLANG_WARN_DOCUMENTATION_COMMENTS = YES;
				CLANG_WARN_EMPTY_BODY = YES;
				CLANG_WARN_ENUM_CONVERSION = YES;
				CLANG_WARN_INFINITE_RECURSION = YES;
				CLANG_WARN_INT_CONVERSION = YES;
				CLANG_WARN_NON_LITERAL_NULL_CONVERSION = YES;
				CLANG_WARN_OBJC_LITERAL_CONVERSION = YES;
				CLANG_WARN_OBJC_ROOT_CLASS = YES_ERROR;
				CLANG_WARN_RANGE_LOOP_ANALYSIS = YES;
				CLANG_WARN_STRICT_PROTOTYPES = YES;
				CLANG_WARN_SUSPICIOUS_MOVE = YES;
				CLANG_WARN_UNGUARDED_AVAILABILITY = YES_AGGRESSIVE;
				CLANG_WARN_UNREACHABLE_CODE = YES;
				CLANG_WARN__DUPLICATE_METHOD_MATCH = YES;
				CODE_SIGN_IDENTITY = "iPhone Developer";
				COPY_PHASE_STRIP = NO;
				DEBUG_INFORMATION_FORMAT = "dwarf-with-dsym";
				ENABLE_NS_ASSERTIONS = NO;
				ENABLE_STRICT_OBJC_MSGSEND = YES;
				GCC_C_LANGUAGE_STANDARD = gnu11;
				GCC_NO_COMMON_BLOCKS = YES;
				GCC_WARN_64_TO_32_BIT_CONVERSION = YES;
				GCC_WARN_ABOUT_RETURN_TYPE = YES_ERROR;
				GCC_WARN_UNDECLARED_SELECTOR = YES;
				GCC_WARN_UNINITIALIZED_AUTOS = YES_AGGRESSIVE;
				GCC_WARN_UNUSED_FUNCTION = YES;
				GCC_WARN_UNUSED_VARIABLE = YES;
				IPHONEOS_DEPLOYMENT_TARGET = 11.2;
				MTL_ENABLE_DEBUG_INFO = NO;
				SDKROOT = iphoneos;
				SWIFT_OPTIMIZATION_LEVEL = "-Owholemodule";
				VALIDATE_PRODUCT = YES;
			};
			name = Release;
		};
		D1F4C9C0205D386D00ADE758 /* Debug */ = {
			isa = XCBuildConfiguration;
			buildSettings = {
				ASSETCATALOG_COMPILER_APPICON_NAME = AppIcon;
				CODE_SIGN_STYLE = Automatic;
				INFOPLIST_FILE = Calculatoor/Info.plist;
				LD_RUNPATH_SEARCH_PATHS = "$(inherited) @executable_path/Frameworks";
				PRODUCT_BUNDLE_IDENTIFIER = JP.Calculatoor;
				PRODUCT_NAME = "$(TARGET_NAME)";
				SWIFT_VERSION = 4.0;
				TARGETED_DEVICE_FAMILY = "1,2";
			};
			name = Debug;
		};
		D1F4C9C1205D386D00ADE758 /* Release */ = {
			isa = XCBuildConfiguration;
			buildSettings = {
				ASSETCATALOG_COMPILER_APPICON_NAME = AppIcon;
				CODE_SIGN_STYLE = Automatic;
				INFOPLIST_FILE = Calculatoor/Info.plist;
				LD_RUNPATH_SEARCH_PATHS = "$(inherited) @executable_path/Frameworks";
				PRODUCT_BUNDLE_IDENTIFIER = JP.Calculatoor;
				PRODUCT_NAME = "$(TARGET_NAME)";
				SWIFT_VERSION = 4.0;
				TARGETED_DEVICE_FAMILY = "1,2";
			};
			name = Release;
		};
		D1F4C9C3205D386D00ADE758 /* Debug */ = {
			isa = XCBuildConfiguration;
			buildSettings = {
				ALWAYS_EMBED_SWIFT_STANDARD_LIBRARIES = YES;
				BUNDLE_LOADER = "$(TEST_HOST)";
				CODE_SIGN_STYLE = Automatic;
				INFOPLIST_FILE = CalculatoorTests/Info.plist;
				LD_RUNPATH_SEARCH_PATHS = "$(inherited) @executable_path/Frameworks @loader_path/Frameworks";
				PRODUCT_BUNDLE_IDENTIFIER = JP.CalculatoorTests;
				PRODUCT_NAME = "$(TARGET_NAME)";
				SWIFT_VERSION = 4.0;
				TARGETED_DEVICE_FAMILY = "1,2";
				TEST_HOST = "$(BUILT_PRODUCTS_DIR)/Calculatoor.app/Calculatoor";
			};
			name = Debug;
		};
		D1F4C9C4205D386D00ADE758 /* Release */ = {
			isa = XCBuildConfiguration;
			buildSettings = {
				ALWAYS_EMBED_SWIFT_STANDARD_LIBRARIES = YES;
				BUNDLE_LOADER = "$(TEST_HOST)";
				CODE_SIGN_STYLE = Automatic;
				INFOPLIST_FILE = CalculatoorTests/Info.plist;
				LD_RUNPATH_SEARCH_PATHS = "$(inherited) @executable_path/Frameworks @loader_path/Frameworks";
				PRODUCT_BUNDLE_IDENTIFIER = JP.CalculatoorTests;
				PRODUCT_NAME = "$(TARGET_NAME)";
				SWIFT_VERSION = 4.0;
				TARGETED_DEVICE_FAMILY = "1,2";
				TEST_HOST = "$(BUILT_PRODUCTS_DIR)/Calculatoor.app/Calculatoor";
			};
			name = Release;
		};
		D1F4C9C6205D386D00ADE758 /* Debug */ = {
			isa = XCBuildConfiguration;
			buildSettings = {
				ALWAYS_EMBED_SWIFT_STANDARD_LIBRARIES = YES;
				CODE_SIGN_STYLE = Automatic;
				INFOPLIST_FILE = CalculatoorUITests/Info.plist;
				LD_RUNPATH_SEARCH_PATHS = "$(inherited) @executable_path/Frameworks @loader_path/Frameworks";
				PRODUCT_BUNDLE_IDENTIFIER = JP.CalculatoorUITests;
				PRODUCT_NAME = "$(TARGET_NAME)";
				SWIFT_VERSION = 4.0;
				TARGETED_DEVICE_FAMILY = "1,2";
				TEST_TARGET_NAME = Calculatoor;
			};
			name = Debug;
		};
		D1F4C9C7205D386D00ADE758 /* Release */ = {
			isa = XCBuildConfiguration;
			buildSettings = {
				ALWAYS_EMBED_SWIFT_STANDARD_LIBRARIES = YES;
				CODE_SIGN_STYLE = Automatic;
				INFOPLIST_FILE = CalculatoorUITests/Info.plist;
				LD_RUNPATH_SEARCH_PATHS = "$(inherited) @executable_path/Frameworks @loader_path/Frameworks";
				PRODUCT_BUNDLE_IDENTIFIER = JP.CalculatoorUITests;
				PRODUCT_NAME = "$(TARGET_NAME)";
				SWIFT_VERSION = 4.0;
				TARGETED_DEVICE_FAMILY = "1,2";
				TEST_TARGET_NAME = Calculatoor;
			};
			name = Release;
		};
/* End XCBuildConfiguration section */

/* Begin XCConfigurationList section */
		D1F4C992205D386C00ADE758 /* Build configuration list for PBXProject "Calculatoor" */ = {
			isa = XCConfigurationList;
			buildConfigurations = (
				D1F4C9BD205D386D00ADE758 /* Debug */,
				D1F4C9BE205D386D00ADE758 /* Release */,
			);
			defaultConfigurationIsVisible = 0;
			defaultConfigurationName = Release;
		};
		D1F4C9BF205D386D00ADE758 /* Build configuration list for PBXNativeTarget "Calculatoor" */ = {
			isa = XCConfigurationList;
			buildConfigurations = (
				D1F4C9C0205D386D00ADE758 /* Debug */,
				D1F4C9C1205D386D00ADE758 /* Release */,
			);
			defaultConfigurationIsVisible = 0;
			defaultConfigurationName = Release;
		};
		D1F4C9C2205D386D00ADE758 /* Build configuration list for PBXNativeTarget "CalculatoorTests" */ = {
			isa = XCConfigurationList;
			buildConfigurations = (
				D1F4C9C3205D386D00ADE758 /* Debug */,
				D1F4C9C4205D386D00ADE758 /* Release */,
			);
			defaultConfigurationIsVisible = 0;
			defaultConfigurationName = Release;
		};
		D1F4C9C5205D386D00ADE758 /* Build configuration list for PBXNativeTarget "CalculatoorUITests" */ = {
			isa = XCConfigurationList;
			buildConfigurations = (
				D1F4C9C6205D386D00ADE758 /* Debug */,
				D1F4C9C7205D386D00ADE758 /* Release */,
			);
			defaultConfigurationIsVisible = 0;
			defaultConfigurationName = Release;
		};
/* End XCConfigurationList section */
	};
	rootObject = D1F4C98F205D386C00ADE758 /* Project object */;
}
